// !$*UTF8*$!
{
	archiveVersion = 1;
	classes = {
	};
	objectVersion = 77;
	objects = {

/* Begin PBXBuildFile section */
		A3F7910D2F76F962008EBC84 /* .github in Resources */ = {isa = PBXBuildFile; fileRef = A3F7910C2F76F95A008EBC84 /* .github */; };
		A3F7910F2F76F97A008EBC84 /* .gitignore in Resources */ = {isa = PBXBuildFile; fileRef = A3F7910E2F76F975008EBC84 /* .gitignore */; };
/* End PBXBuildFile section */

/* Begin PBXContainerItemProxy section */
		A3F7909E2F76F40D008EBC84 /* PBXContainerItemProxy */ = {
			isa = PBXContainerItemProxy;
			containerPortal = A3F790882F76F40A008EBC84 /* Project object */;
			proxyType = 1;
			remoteGlobalIDString = A3F7908F2F76F40A008EBC84;
			remoteInfo = OmniVPNClient;
		};
		A3F790A82F76F40D008EBC84 /* PBXContainerItemProxy */ = {
			isa = PBXContainerItemProxy;
			containerPortal = A3F790882F76F40A008EBC84 /* Project object */;
			proxyType = 1;
			remoteGlobalIDString = A3F7908F2F76F40A008EBC84;
			remoteInfo = OmniVPNClient;
		};
/* End PBXContainerItemProxy section */

/* Begin PBXFileReference section */
		A3F790902F76F40A008EBC84 /* OmniVPNClient.app */ = {isa = PBXFileReference; explicitFileType = wrapper.application; includeInIndex = 0; path = OmniVPNClient.app; sourceTree = BUILT_PRODUCTS_DIR; };
		A3F7909D2F76F40D008EBC84 /* OmniVPNClientTests.xctest */ = {isa = PBXFileReference; explicitFileType = wrapper.cfbundle; includeInIndex = 0; path = OmniVPNClientTests.xctest; sourceTree = BUILT_PRODUCTS_DIR; };
		A3F790A72F76F40D008EBC84 /* OmniVPNClientUITests.xctest */ = {isa = PBXFileReference; explicitFileType = wrapper.cfbundle; includeInIndex = 0; path = OmniVPNClientUITests.xctest; sourceTree = BUILT_PRODUCTS_DIR; };
		A3F7910C2F76F95A008EBC84 /* .github */ = {isa = PBXFileReference; lastKnownFileType = text; path = .github; sourceTree = "<group>"; };
		A3F7910E2F76F975008EBC84 /* .gitignore */ = {isa = PBXFileReference; lastKnownFileType = text; path = .gitignore; sourceTree = "<group>"; };
/* End PBXFileReference section */

/* Begin PBXFileSystemSynchronizedBuildFileExceptionSet section */
		A3D51AD12F77C78600DCBAA4 /* Exceptions for "OmniVPNClient" folder in "OmniVPNClient" target */ = {
			isa = PBXFileSystemSynchronizedBuildFileExceptionSet;
			membershipExceptions = (
				Domain,
			);
			target = A3F7908F2F76F40A008EBC84 /* OmniVPNClient */;
		};
/* End PBXFileSystemSynchronizedBuildFileExceptionSet section */

/* Begin PBXFileSystemSynchronizedRootGroup section */
		A3F790922F76F40A008EBC84 /* OmniVPNClient */ = {
			isa = PBXFileSystemSynchronizedRootGroup;
			exceptions = (
				A3D51AD12F77C78600DCBAA4 /* Exceptions for "OmniVPNClient" folder in "OmniVPNClient" target */,
			);
			path = OmniVPNClient;
			sourceTree = "<group>";
		};
		A3F790A02F76F40D008EBC84 /* OmniVPNClientTests */ = {
			isa = PBXFileSystemSynchronizedRootGroup;
			path = OmniVPNClientTests;
			sourceTree = "<group>";
		};
		A3F790AA2F76F40D008EBC84 /* OmniVPNClientUITests */ = {
			isa = PBXFileSystemSynchronizedRootGroup;
			path = OmniVPNClientUITests;
			sourceTree = "<group>";
		};
/* End PBXFileSystemSynchronizedRootGroup section */

/* Begin PBXFrameworksBuildPhase section */
		A3F7908D2F76F40A008EBC84 /* Frameworks */ = {
			isa = PBXFrameworksBuildPhase;
			buildActionMask = 2147483647;
			files = (
			);
			runOnlyForDeploymentPostprocessing = 0;
		};
		A3F7909A2F76F40D008EBC84 /* Frameworks */ = {
			isa = PBXFrameworksBuildPhase;
			buildActionMask = 2147483647;
			files = (
			);
			runOnlyForDeploymentPostprocessing = 0;
		};
		A3F790A42F76F40D008EBC84 /* Frameworks */ = {
			isa = PBXFrameworksBuildPhase;
			buildActionMask = 2147483647;
			files = (
			);
			runOnlyForDeploymentPostprocessing = 0;
		};
/* End PBXFrameworksBuildPhase section */

/* Begin PBXGroup section */
		A3F790872F76F40A008EBC84 = {
			isa = PBXGroup;
			children = (
				A3F7910E2F76F975008EBC84 /* .gitignore */,
				A3F7910C2F76F95A008EBC84 /* .github */,
				A3F790922F76F40A008EBC84 /* OmniVPNClient */,
				A3F790A02F76F40D008EBC84 /* OmniVPNClientTests */,
				A3F790AA2F76F40D008EBC84 /* OmniVPNClientUITests */,
				A3F790912F76F40A008EBC84 /* Products */,
			);
			sourceTree = "<group>";
		};
		A3F790912F76F40A008EBC84 /* Products */ = {
			isa = PBXGroup;
			children = (
				A3F790902F76F40A008EBC84 /* OmniVPNClient.app */,
				A3F7909D2F76F40D008EBC84 /* OmniVPNClientTests.xctest */,
				A3F790A72F76F40D008EBC84 /* OmniVPNClientUITests.xctest */,
			);
			name = Products;
			sourceTree = "<group>";
		};
/* End PBXGroup section */

/* Begin PBXNativeTarget section */
		A3F7908F2F76F40A008EBC84 /* OmniVPNClient */ = {
			isa = PBXNativeTarget;
			buildConfigurationList = A3F790B12F76F40D008EBC84 /* Build configuration list for PBXNativeTarget "OmniVPNClient" */;
			buildPhases = (
				A3F7908C2F76F40A008EBC84 /* Sources */,
				A3F7908D2F76F40A008EBC84 /* Frameworks */,
				A3F7908E2F76F40A008EBC84 /* Resources */,
			);
			buildRules = (
			);
			dependencies = (
			);
			fileSystemSynchronizedGroups = (
				A3F790922F76F40A008EBC84 /* OmniVPNClient */,
			);
			name = OmniVPNClient;
			packageProductDependencies = (
			);
			productName = OmniVPNClient;
			productReference = A3F790902F76F40A008EBC84 /* OmniVPNClient.app */;
			productType = "com.apple.product-type.application";
		};
		A3F7909C2F76F40D008EBC84 /* OmniVPNClientTests */ = {
			isa = PBXNativeTarget;
			buildConfigurationList = A3F790B42F76F40D008EBC84 /* Build configuration list for PBXNativeTarget "OmniVPNClientTests" */;
			buildPhases = (
				A3F790992F76F40D008EBC84 /* Sources */,
				A3F7909A2F76F40D008EBC84 /* Frameworks */,
				A3F7909B2F76F40D008EBC84 /* Resources */,
			);
			buildRules = (
			);
			dependencies = (
				A3F7909F2F76F40D008EBC84 /* PBXTargetDependency */,
			);
			fileSystemSynchronizedGroups = (
				A3F790A02F76F40D008EBC84 /* OmniVPNClientTests */,
			);
			name = OmniVPNClientTests;
			packageProductDependencies = (
			);
			productName = OmniVPNClientTests;
			productReference = A3F7909D2F76F40D008EBC84 /* OmniVPNClientTests.xctest */;
			productType = "com.apple.product-type.bundle.unit-test";
		};
		A3F790A62F76F40D008EBC84 /* OmniVPNClientUITests */ = {
			isa = PBXNativeTarget;
			buildConfigurationList = A3F790B72F76F40D008EBC84 /* Build configuration list for PBXNativeTarget "OmniVPNClientUITests" */;
			buildPhases = (
				A3F790A32F76F40D008EBC84 /* Sources */,
				A3F790A42F76F40D008EBC84 /* Frameworks */,
				A3F790A52F76F40D008EBC84 /* Resources */,
			);
			buildRules = (
			);
			dependencies = (
				A3F790A92F76F40D008EBC84 /* PBXTargetDependency */,
			);
			fileSystemSynchronizedGroups = (
				A3F790AA2F76F40D008EBC84 /* OmniVPNClientUITests */,
			);
			name = OmniVPNClientUITests;
			packageProductDependencies = (
			);
			productName = OmniVPNClientUITests;
			productReference = A3F790A72F76F40D008EBC84 /* OmniVPNClientUITests.xctest */;
			productType = "com.apple.product-type.bundle.ui-testing";
		};
/* End PBXNativeTarget section */

/* Begin PBXProject section */
		A3F790882F76F40A008EBC84 /* Project object */ = {
			isa = PBXProject;
			attributes = {
				BuildIndependentTargetsInParallel = 1;
				LastSwiftUpdateCheck = 2640;
				LastUpgradeCheck = 2640;
				TargetAttributes = {
					A3F7908F2F76F40A008EBC84 = {
						CreatedOnToolsVersion = 26.4;
					};
					A3F7909C2F76F40D008EBC84 = {
						CreatedOnToolsVersion = 26.4;
						TestTargetID = A3F7908F2F76F40A008EBC84;
					};
					A3F790A62F76F40D008EBC84 = {
						CreatedOnToolsVersion = 26.4;
						TestTargetID = A3F7908F2F76F40A008EBC84;
					};
				};
			};
			buildConfigurationList = A3F7908B2F76F40A008EBC84 /* Build configuration list for PBXProject "OmniVPNClient" */;
			developmentRegion = en;
			hasScannedForEncodings = 0;
			knownRegions = (
				en,
				Base,
			);
			mainGroup = A3F790872F76F40A008EBC84;
			minimizedProjectReferenceProxies = 1;
			preferredProjectObjectVersion = 77;
			productRefGroup = A3F790912F76F40A008EBC84 /* Products */;
			projectDirPath = "";
			projectRoot = "";
			targets = (
				A3F7908F2F76F40A008EBC84 /* OmniVPNClient */,
				A3F7909C2F76F40D008EBC84 /* OmniVPNClientTests */,
				A3F790A62F76F40D008EBC84 /* OmniVPNClientUITests */,
			);
		};
/* End PBXProject section */

/* Begin PBXResourcesBuildPhase section */
		A3F7908E2F76F40A008EBC84 /* Resources */ = {
			isa = PBXResourcesBuildPhase;
			buildActionMask = 2147483647;
			files = (
				A3F7910D2F76F962008EBC84 /* .github in Resources */,
				A3F7910F2F76F97A008EBC84 /* .gitignore in Resources */,
			);
			runOnlyForDeploymentPostprocessing = 0;
		};
		A3F7909B2F76F40D008EBC84 /* Resources */ = {
			isa = PBXResourcesBuildPhase;
			buildActionMask = 2147483647;
			files = (
			);
			runOnlyForDeploymentPostprocessing = 0;
		};
		A3F790A52F76F40D008EBC84 /* Resources */ = {
			isa = PBXResourcesBuildPhase;
			buildActionMask = 2147483647;
			files = (
			);
			runOnlyForDeploymentPostprocessing = 0;
		};
/* End PBXResourcesBuildPhase section */

/* Begin PBXSourcesBuildPhase section */
		A3F7908C2F76F40A008EBC84 /* Sources */ = {
			isa = PBXSourcesBuildPhase;
			buildActionMask = 2147483647;
			files = (
			);
			runOnlyForDeploymentPostprocessing = 0;
		};
		A3F790992F76F40D008EBC84 /* Sources */ = {
			isa = PBXSourcesBuildPhase;
			buildActionMask = 2147483647;
			files = (
			);
			runOnlyForDeploymentPostprocessing = 0;
		};
		A3F790A32F76F40D008EBC84 /* Sources */ = {
			isa = PBXSourcesBuildPhase;
			buildActionMask = 2147483647;
			files = (
			);
			runOnlyForDeploymentPostprocessing = 0;
		};
/* End PBXSourcesBuildPhase section */

/* Begin PBXTargetDependency section */
		A3F7909F2F76F40D008EBC84 /* PBXTargetDependency */ = {
			isa = PBXTargetDependency;
			target = A3F7908F2F76F40A008EBC84 /* OmniVPNClient */;
			targetProxy = A3F7909E2F76F40D008EBC84 /* PBXContainerItemProxy */;
		};
		A3F790A92F76F40D008EBC84 /* PBXTargetDependency */ = {
			isa = PBXTargetDependency;
			target = A3F7908F2F76F40A008EBC84 /* OmniVPNClient */;
			targetProxy = A3F790A82F76F40D008EBC84 /* PBXContainerItemProxy */;
		};
/* End PBXTargetDependency section */

/* Begin XCBuildConfiguration section */
		A3F790AF2F76F40D008EBC84 /* Debug */ = {
			isa = XCBuildConfiguration;
			buildSettings = {
				ALWAYS_SEARCH_USER_PATHS = NO;
				ASSETCATALOG_COMPILER_GENERATE_SWIFT_ASSET_SYMBOL_EXTENSIONS = YES;
				CLANG_ANALYZER_NONNULL = YES;
				CLANG_ANALYZER_NUMBER_OBJECT_CONVERSION = YES_AGGRESSIVE;
				CLANG_CXX_LANGUAGE_STANDARD = "gnu++20";
				CLANG_ENABLE_MODULES = YES;
				CLANG_ENABLE_OBJC_ARC = YES;
				CLANG_ENABLE_OBJC_WEAK = YES;
				CLANG_WARN_BLOCK_CAPTURE_AUTORELEASING = YES;
				CLANG_WARN_BOOL_CONVERSION = YES;
				CLANG_WARN_COMMA = YES;
				CLANG_WARN_CONSTANT_CONVERSION = YES;
				CLANG_WARN_DEPRECATED_OBJC_IMPLEMENTATIONS = YES;
				CLANG_WARN_DIRECT_OBJC_ISA_USAGE = YES_ERROR;
				CLANG_WARN_DOCUMENTATION_COMMENTS = YES;
				CLANG_WARN_EMPTY_BODY = YES;
				CLANG_WARN_ENUM_CONVERSION = YES;
				CLANG_WARN_INFINITE_RECURSION = YES;
				CLANG_WARN_INT_CONVERSION = YES;
				CLANG_WARN_NON_LITERAL_NULL_CONVERSION = YES;
				CLANG_WARN_OBJC_IMPLICIT_RETAIN_SELF = YES;
				CLANG_WARN_OBJC_LITERAL_CONVERSION = YES;
				CLANG_WARN_OBJC_ROOT_CLASS = YES_ERROR;
				CLANG_WARN_QUOTED_INCLUDE_IN_FRAMEWORK_HEADER = YES;
				CLANG_WARN_RANGE_LOOP_ANALYSIS = YES;
				CLANG_WARN_STRICT_PROTOTYPES = YES;
				CLANG_WARN_SUSPICIOUS_MOVE = YES;
				CLANG_WARN_UNGUARDED_AVAILABILITY = YES_AGGRESSIVE;
				CLANG_WARN_UNREACHABLE_CODE = YES;
				CLANG_WARN__DUPLICATE_METHOD_MATCH = YES;
				COPY_PHASE_STRIP = NO;
				DEBUG_INFORMATION_FORMAT = dwarf;
				ENABLE_STRICT_OBJC_MSGSEND = YES;
				ENABLE_TESTABILITY = YES;
				ENABLE_USER_SCRIPT_SANDBOXING = YES;
				GCC_C_LANGUAGE_STANDARD = gnu17;
				GCC_DYNAMIC_NO_PIC = NO;
				GCC_NO_COMMON_BLOCKS = YES;
				GCC_OPTIMIZATION_LEVEL = 0;
				GCC_PREPROCESSOR_DEFINITIONS = (
					"DEBUG=1",
					"$(inherited)",
				);
				GCC_WARN_64_TO_32_BIT_CONVERSION = YES;
				GCC_WARN_ABOUT_RETURN_TYPE = YES_ERROR;
				GCC_WARN_UNDECLARED_SELECTOR = YES;
				GCC_WARN_UNINITIALIZED_AUTOS = YES_AGGRESSIVE;
				GCC_WARN_UNUSED_FUNCTION = YES;
				GCC_WARN_UNUSED_VARIABLE = YES;
				LOCALIZATION_PREFERS_STRING_CATALOGS = YES;
				MACOSX_DEPLOYMENT_TARGET = 26.3;
				MTL_ENABLE_DEBUG_INFO = INCLUDE_SOURCE;
				MTL_FAST_MATH = YES;
				ONLY_ACTIVE_ARCH = YES;
				SDKROOT = macosx;
				SWIFT_ACTIVE_COMPILATION_CONDITIONS = "DEBUG $(inherited)";
				SWIFT_OPTIMIZATION_LEVEL = "-Onone";
			};
			name = Debug;
		};
		A3F790B02F76F40D008EBC84 /* Release */ = {
			isa = XCBuildConfiguration;
			buildSettings = {
				ALWAYS_SEARCH_USER_PATHS = NO;
				ASSETCATALOG_COMPILER_GENERATE_SWIFT_ASSET_SYMBOL_EXTENSIONS = YES;
				CLANG_ANALYZER_NONNULL = YES;
				CLANG_ANALYZER_NUMBER_OBJECT_CONVERSION = YES_AGGRESSIVE;
				CLANG_CXX_LANGUAGE_STANDARD = "gnu++20";
				CLANG_ENABLE_MODULES = YES;
				CLANG_ENABLE_OBJC_ARC = YES;
				CLANG_ENABLE_OBJC_WEAK = YES;
				CLANG_WARN_BLOCK_CAPTURE_AUTORELEASING = YES;
				CLANG_WARN_BOOL_CONVERSION = YES;
				CLANG_WARN_COMMA = YES;
				CLANG_WARN_CONSTANT_CONVERSION = YES;
				CLANG_WARN_DEPRECATED_OBJC_IMPLEMENTATIONS = YES;
				CLANG_WARN_DIRECT_OBJC_ISA_USAGE = YES_ERROR;
				CLANG_WARN_DOCUMENTATION_COMMENTS = YES;
				CLANG_WARN_EMPTY_BODY = YES;
				CLANG_WARN_ENUM_CONVERSION = YES;
				CLANG_WARN_INFINITE_RECURSION = YES;
				CLANG_WARN_INT_CONVERSION = YES;
				CLANG_WARN_NON_LITERAL_NULL_CONVERSION = YES;
				CLANG_WARN_OBJC_IMPLICIT_RETAIN_SELF = YES;
				CLANG_WARN_OBJC_LITERAL_CONVERSION = YES;
				CLANG_WARN_OBJC_ROOT_CLASS = YES_ERROR;
				CLANG_WARN_QUOTED_INCLUDE_IN_FRAMEWORK_HEADER = YES;
				CLANG_WARN_RANGE_LOOP_ANALYSIS = YES;
				CLANG_WARN_STRICT_PROTOTYPES = YES;
				CLANG_WARN_SUSPICIOUS_MOVE = YES;
				CLANG_WARN_UNGUARDED_AVAILABILITY = YES_AGGRESSIVE;
				CLANG_WARN_UNREACHABLE_CODE = YES;
				CLANG_WARN__DUPLICATE_METHOD_MATCH = YES;
				COPY_PHASE_STRIP = NO;
				DEBUG_INFORMATION_FORMAT = "dwarf-with-dsym";
				ENABLE_NS_ASSERTIONS = NO;
				ENABLE_STRICT_OBJC_MSGSEND = YES;
				ENABLE_USER_SCRIPT_SANDBOXING = YES;
				GCC_C_LANGUAGE_STANDARD = gnu17;
				GCC_NO_COMMON_BLOCKS = YES;
				GCC_WARN_64_TO_32_BIT_CONVERSION = YES;
				GCC_WARN_ABOUT_RETURN_TYPE = YES_ERROR;
				GCC_WARN_UNDECLARED_SELECTOR = YES;
				GCC_WARN_UNINITIALIZED_AUTOS = YES_AGGRESSIVE;
				GCC_WARN_UNUSED_FUNCTION = YES;
				GCC_WARN_UNUSED_VARIABLE = YES;
				LOCALIZATION_PREFERS_STRING_CATALOGS = YES;
				MACOSX_DEPLOYMENT_TARGET = 26.3;
				MTL_ENABLE_DEBUG_INFO = NO;
				MTL_FAST_MATH = YES;
				SDKROOT = macosx;
				SWIFT_COMPILATION_MODE = wholemodule;
			};
			name = Release;
		};
		A3F790B22F76F40D008EBC84 /* Debug */ = {
			isa = XCBuildConfiguration;
			buildSettings = {
				ASSETCATALOG_COMPILER_APPICON_NAME = AppIcon;
				ASSETCATALOG_COMPILER_GLOBAL_ACCENT_COLOR_NAME = AccentColor;
				CODE_SIGN_STYLE = Automatic;
				COMBINE_HIDPI_IMAGES = YES;
				CURRENT_PROJECT_VERSION = 1;
				ENABLE_APP_SANDBOX = YES;
				ENABLE_PREVIEWS = YES;
				ENABLE_USER_SELECTED_FILES = readonly;
				GENERATE_INFOPLIST_FILE = YES;
				INFOPLIST_KEY_NSHumanReadableCopyright = "";
				LD_RUNPATH_SEARCH_PATHS = (
					"$(inherited)",
					"@executable_path/../Frameworks",
				);
				MARKETING_VERSION = 1.0;
				PRODUCT_BUNDLE_IDENTIFIER = com.OmniVPNClient;
				PRODUCT_NAME = "$(TARGET_NAME)";
				REGISTER_APP_GROUPS = YES;
				STRING_CATALOG_GENERATE_SYMBOLS = YES;
				SWIFT_APPROACHABLE_CONCURRENCY = YES;
				SWIFT_DEFAULT_ACTOR_ISOLATION = MainActor;
				SWIFT_EMIT_LOC_STRINGS = YES;
				SWIFT_UPCOMING_FEATURE_MEMBER_IMPORT_VISIBILITY = YES;
				SWIFT_VERSION = 5.0;
			};
			name = Debug;
		};
		A3F790B32F76F40D008EBC84 /* Release */ = {
			isa = XCBuildConfiguration;
			buildSettings = {
				ASSETCATALOG_COMPILER_APPICON_NAME = AppIcon;
				ASSETCATALOG_COMPILER_GLOBAL_ACCENT_COLOR_NAME = AccentColor;
				CODE_SIGN_STYLE = Automatic;
				COMBINE_HIDPI_IMAGES = YES;
				CURRENT_PROJECT_VERSION = 1;
				ENABLE_APP_SANDBOX = YES;
				ENABLE_PREVIEWS = YES;
				ENABLE_USER_SELECTED_FILES = readonly;
				GENERATE_INFOPLIST_FILE = YES;
				INFOPLIST_KEY_NSHumanReadableCopyright = "";
				LD_RUNPATH_SEARCH_PATHS = (
					"$(inherited)",
					"@executable_path/../Frameworks",
				);
				MARKETING_VERSION = 1.0;
				PRODUCT_BUNDLE_IDENTIFIER = com.OmniVPNClient;
				PRODUCT_NAME = "$(TARGET_NAME)";
				REGISTER_APP_GROUPS = YES;
				STRING_CATALOG_GENERATE_SYMBOLS = YES;
				SWIFT_APPROACHABLE_CONCURRENCY = YES;
				SWIFT_DEFAULT_ACTOR_ISOLATION = MainActor;
				SWIFT_EMIT_LOC_STRINGS = YES;
				SWIFT_UPCOMING_FEATURE_MEMBER_IMPORT_VISIBILITY = YES;
				SWIFT_VERSION = 5.0;
			};
			name = Release;
		};
		A3F790B52F76F40D008EBC84 /* Debug */ = {
			isa = XCBuildConfiguration;
			buildSettings = {
				BUNDLE_LOADER = "$(TEST_HOST)";
				CODE_SIGN_STYLE = Automatic;
				CURRENT_PROJECT_VERSION = 1;
				GENERATE_INFOPLIST_FILE = YES;
				MACOSX_DEPLOYMENT_TARGET = 26.3;
				MARKETING_VERSION = 1.0;
				PRODUCT_BUNDLE_IDENTIFIER = com.OmniVPNClientTests;
				PRODUCT_NAME = "$(TARGET_NAME)";
				STRING_CATALOG_GENERATE_SYMBOLS = NO;
				SWIFT_APPROACHABLE_CONCURRENCY = YES;
				SWIFT_EMIT_LOC_STRINGS = NO;
				SWIFT_UPCOMING_FEATURE_MEMBER_IMPORT_VISIBILITY = YES;
				SWIFT_VERSION = 5.0;
				TEST_HOST = "$(BUILT_PRODUCTS_DIR)/OmniVPNClient.app/$(BUNDLE_EXECUTABLE_FOLDER_PATH)/OmniVPNClient";
			};
			name = Debug;
		};
		A3F790B62F76F40D008EBC84 /* Release */ = {
			isa = XCBuildConfiguration;
			buildSettings = {
				BUNDLE_LOADER = "$(TEST_HOST)";
				CODE_SIGN_STYLE = Automatic;
				CURRENT_PROJECT_VERSION = 1;
				GENERATE_INFOPLIST_FILE = YES;
				MACOSX_DEPLOYMENT_TARGET = 26.3;
				MARKETING_VERSION = 1.0;
				PRODUCT_BUNDLE_IDENTIFIER = com.OmniVPNClientTests;
				PRODUCT_NAME = "$(TARGET_NAME)";
				STRING_CATALOG_GENERATE_SYMBOLS = NO;
				SWIFT_APPROACHABLE_CONCURRENCY = YES;
				SWIFT_EMIT_LOC_STRINGS = NO;
				SWIFT_UPCOMING_FEATURE_MEMBER_IMPORT_VISIBILITY = YES;
				SWIFT_VERSION = 5.0;
				TEST_HOST = "$(BUILT_PRODUCTS_DIR)/OmniVPNClient.app/$(BUNDLE_EXECUTABLE_FOLDER_PATH)/OmniVPNClient";
			};
			name = Release;
		};
		A3F790B82F76F40D008EBC84 /* Debug */ = {
			isa = XCBuildConfiguration;
			buildSettings = {
				CODE_SIGN_STYLE = Automatic;
				CURRENT_PROJECT_VERSION = 1;
				GENERATE_INFOPLIST_FILE = YES;
				MARKETING_VERSION = 1.0;
				PRODUCT_BUNDLE_IDENTIFIER = com.OmniVPNClientUITests;
				PRODUCT_NAME = "$(TARGET_NAME)";
				STRING_CATALOG_GENERATE_SYMBOLS = NO;
				SWIFT_APPROACHABLE_CONCURRENCY = YES;
				SWIFT_EMIT_LOC_STRINGS = NO;
				SWIFT_UPCOMING_FEATURE_MEMBER_IMPORT_VISIBILITY = YES;
				SWIFT_VERSION = 5.0;
				TEST_TARGET_NAME = OmniVPNClient;
			};
			name = Debug;
		};
		A3F790B92F76F40D008EBC84 /* Release */ = {
			isa = XCBuildConfiguration;
			buildSettings = {
				CODE_SIGN_STYLE = Automatic;
				CURRENT_PROJECT_VERSION = 1;
				GENERATE_INFOPLIST_FILE = YES;
				MARKETING_VERSION = 1.0;
				PRODUCT_BUNDLE_IDENTIFIER = com.OmniVPNClientUITests;
				PRODUCT_NAME = "$(TARGET_NAME)";
				STRING_CATALOG_GENERATE_SYMBOLS = NO;
				SWIFT_APPROACHABLE_CONCURRENCY = YES;
				SWIFT_EMIT_LOC_STRINGS = NO;
				SWIFT_UPCOMING_FEATURE_MEMBER_IMPORT_VISIBILITY = YES;
				SWIFT_VERSION = 5.0;
				TEST_TARGET_NAME = OmniVPNClient;
			};
			name = Release;
		};
/* End XCBuildConfiguration section */

/* Begin XCConfigurationList section */
		A3F7908B2F76F40A008EBC84 /* Build configuration list for PBXProject "OmniVPNClient" */ = {
			isa = XCConfigurationList;
			buildConfigurations = (
				A3F790AF2F76F40D008EBC84 /* Debug */,
				A3F790B02F76F40D008EBC84 /* Release */,
			);
			defaultConfigurationIsVisible = 0;
			defaultConfigurationName = Release;
		};
		A3F790B12F76F40D008EBC84 /* Build configuration list for PBXNativeTarget "OmniVPNClient" */ = {
			isa = XCConfigurationList;
			buildConfigurations = (
				A3F790B22F76F40D008EBC84 /* Debug */,
				A3F790B32F76F40D008EBC84 /* Release */,
			);
			defaultConfigurationIsVisible = 0;
			defaultConfigurationName = Release;
		};
		A3F790B42F76F40D008EBC84 /* Build configuration list for PBXNativeTarget "OmniVPNClientTests" */ = {
			isa = XCConfigurationList;
			buildConfigurations = (
				A3F790B52F76F40D008EBC84 /* Debug */,
				A3F790B62F76F40D008EBC84 /* Release */,
			);
			defaultConfigurationIsVisible = 0;
			defaultConfigurationName = Release;
		};
		A3F790B72F76F40D008EBC84 /* Build configuration list for PBXNativeTarget "OmniVPNClientUITests" */ = {
			isa = XCConfigurationList;
			buildConfigurations = (
				A3F790B82F76F40D008EBC84 /* Debug */,
				A3F790B92F76F40D008EBC84 /* Release */,
			);
			defaultConfigurationIsVisible = 0;
			defaultConfigurationName = Release;
		};
/* End XCConfigurationList section */
	};
	rootObject = A3F790882F76F40A008EBC84 /* Project object */;
}
